// !$*UTF8*$!
{
	archiveVersion = 1;
	classes = {
	};
	objectVersion = 48;
	objects = {

/* Begin PBXBuildFile section */
		095436BF1F78F57200540179 /* AppDelegate.swift in Sources */ = {isa = PBXBuildFile; fileRef = 095436BE1F78F57200540179 /* AppDelegate.swift */; };
		095436C11F78F57200540179 /* ViewController.swift in Sources */ = {isa = PBXBuildFile; fileRef = 095436C01F78F57200540179 /* ViewController.swift */; };
		095436C41F78F57200540179 /* Main.storyboard in Resources */ = {isa = PBXBuildFile; fileRef = 095436C21F78F57200540179 /* Main.storyboard */; };
		095436C61F78F57200540179 /* Assets.xcassets in Resources */ = {isa = PBXBuildFile; fileRef = 095436C51F78F57200540179 /* Assets.xcassets */; };
		095436C91F78F57200540179 /* LaunchScreen.storyboard in Resources */ = {isa = PBXBuildFile; fileRef = 095436C71F78F57200540179 /* LaunchScreen.storyboard */; };
		095436EB1F7934B500540179 /* DesignablePicker.swift in Sources */ = {isa = PBXBuildFile; fileRef = 095436E41F7934A500540179 /* DesignablePicker.swift */; };
		095436EC1F7934BC00540179 /* DesignablePicker.xib in Resources */ = {isa = PBXBuildFile; fileRef = 095436E51F7934A500540179 /* DesignablePicker.xib */; };
		095436ED1F7934D400540179 /* StringExtension.swift in Sources */ = {isa = PBXBuildFile; fileRef = 095436E81F7934AE00540179 /* StringExtension.swift */; };
		095436EE1F7934D800540179 /* UIColorExtension.swift in Sources */ = {isa = PBXBuildFile; fileRef = 095436E91F7934AE00540179 /* UIColorExtension.swift */; };
		095436EF1F7934DB00540179 /* UIViewExtension.swift in Sources */ = {isa = PBXBuildFile; fileRef = 095436EA1F7934AE00540179 /* UIViewExtension.swift */; };
		095436F31F7946AA00540179 /* PickerInputViewController.swift in Sources */ = {isa = PBXBuildFile; fileRef = 095436F11F7946AA00540179 /* PickerInputViewController.swift */; };
		095436F41F7946AA00540179 /* PickerInputViewController.xib in Resources */ = {isa = PBXBuildFile; fileRef = 095436F21F7946AA00540179 /* PickerInputViewController.xib */; };
		095436F81F79565200540179 /* pickerArrow.png in Resources */ = {isa = PBXBuildFile; fileRef = 095436F71F79545600540179 /* pickerArrow.png */; };
		095436F91F79565500540179 /* pickerArrow@2x.png in Resources */ = {isa = PBXBuildFile; fileRef = 095436F51F79545500540179 /* pickerArrow@2x.png */; };
		095436FA1F79565800540179 /* pickerArrow@3x.png in Resources */ = {isa = PBXBuildFile; fileRef = 095436F61F79545500540179 /* pickerArrow@3x.png */; };
		095436FC1F79584100540179 /* FirstResponderControl.swift in Sources */ = {isa = PBXBuildFile; fileRef = 095436FB1F79584100540179 /* FirstResponderControl.swift */; };
/* End PBXBuildFile section */

/* Begin PBXFileReference section */
		095436BB1F78F57200540179 /* DesignablePickerDemo.app */ = {isa = PBXFileReference; explicitFileType = wrapper.application; includeInIndex = 0; path = DesignablePickerDemo.app; sourceTree = BUILT_PRODUCTS_DIR; };
		095436BE1F78F57200540179 /* AppDelegate.swift */ = {isa = PBXFileReference; lastKnownFileType = sourcecode.swift; path = AppDelegate.swift; sourceTree = "<group>"; };
		095436C01F78F57200540179 /* ViewController.swift */ = {isa = PBXFileReference; lastKnownFileType = sourcecode.swift; path = ViewController.swift; sourceTree = "<group>"; };
		095436C31F78F57200540179 /* Base */ = {isa = PBXFileReference; lastKnownFileType = file.storyboard; name = Base; path = Base.lproj/Main.storyboard; sourceTree = "<group>"; };
		095436C51F78F57200540179 /* Assets.xcassets */ = {isa = PBXFileReference; lastKnownFileType = folder.assetcatalog; path = Assets.xcassets; sourceTree = "<group>"; };
		095436C81F78F57200540179 /* Base */ = {isa = PBXFileReference; lastKnownFileType = file.storyboard; name = Base; path = Base.lproj/LaunchScreen.storyboard; sourceTree = "<group>"; };
		095436CA1F78F57200540179 /* Info.plist */ = {isa = PBXFileReference; lastKnownFileType = text.plist.xml; path = Info.plist; sourceTree = "<group>"; };
		095436E41F7934A500540179 /* DesignablePicker.swift */ = {isa = PBXFileReference; lastKnownFileType = sourcecode.swift; path = DesignablePicker.swift; sourceTree = "<group>"; };
		095436E51F7934A500540179 /* DesignablePicker.xib */ = {isa = PBXFileReference; lastKnownFileType = file.xib; path = DesignablePicker.xib; sourceTree = "<group>"; };
		095436E81F7934AE00540179 /* StringExtension.swift */ = {isa = PBXFileReference; lastKnownFileType = sourcecode.swift; path = StringExtension.swift; sourceTree = "<group>"; };
		095436E91F7934AE00540179 /* UIColorExtension.swift */ = {isa = PBXFileReference; lastKnownFileType = sourcecode.swift; path = UIColorExtension.swift; sourceTree = "<group>"; };
		095436EA1F7934AE00540179 /* UIViewExtension.swift */ = {isa = PBXFileReference; lastKnownFileType = sourcecode.swift; path = UIViewExtension.swift; sourceTree = "<group>"; };
		095436F11F7946AA00540179 /* PickerInputViewController.swift */ = {isa = PBXFileReference; lastKnownFileType = sourcecode.swift; path = PickerInputViewController.swift; sourceTree = "<group>"; };
		095436F21F7946AA00540179 /* PickerInputViewController.xib */ = {isa = PBXFileReference; lastKnownFileType = file.xib; path = PickerInputViewController.xib; sourceTree = "<group>"; };
		095436F51F79545500540179 /* pickerArrow@2x.png */ = {isa = PBXFileReference; lastKnownFileType = image.png; path = "pickerArrow@2x.png"; sourceTree = "<group>"; };
		095436F61F79545500540179 /* pickerArrow@3x.png */ = {isa = PBXFileReference; lastKnownFileType = image.png; path = "pickerArrow@3x.png"; sourceTree = "<group>"; };
		095436F71F79545600540179 /* pickerArrow.png */ = {isa = PBXFileReference; lastKnownFileType = image.png; path = pickerArrow.png; sourceTree = "<group>"; };
		095436FB1F79584100540179 /* FirstResponderControl.swift */ = {isa = PBXFileReference; lastKnownFileType = sourcecode.swift; path = FirstResponderControl.swift; sourceTree = "<group>"; };
/* End PBXFileReference section */

/* Begin PBXFrameworksBuildPhase section */
		095436B81F78F57200540179 /* Frameworks */ = {
			isa = PBXFrameworksBuildPhase;
			buildActionMask = 2147483647;
			files = (
			);
			runOnlyForDeploymentPostprocessing = 0;
		};
/* End PBXFrameworksBuildPhase section */

/* Begin PBXGroup section */
		095436B21F78F57200540179 = {
			isa = PBXGroup;
			children = (
				095436BD1F78F57200540179 /* DesignablePickerDemo */,
				095436BC1F78F57200540179 /* Products */,
			);
			sourceTree = "<group>";
		};
		095436BC1F78F57200540179 /* Products */ = {
			isa = PBXGroup;
			children = (
				095436BB1F78F57200540179 /* DesignablePickerDemo.app */,
			);
			name = Products;
			sourceTree = "<group>";
		};
		095436BD1F78F57200540179 /* DesignablePickerDemo */ = {
			isa = PBXGroup;
			children = (
				095436E31F7934A500540179 /* DesignablePicker */,
				095436E61F7934AE00540179 /* Helper */,
				095436BE1F78F57200540179 /* AppDelegate.swift */,
				095436C01F78F57200540179 /* ViewController.swift */,
				095436C21F78F57200540179 /* Main.storyboard */,
				095436C51F78F57200540179 /* Assets.xcassets */,
				095436C71F78F57200540179 /* LaunchScreen.storyboard */,
				095436CA1F78F57200540179 /* Info.plist */,
			);
			path = DesignablePickerDemo;
			sourceTree = "<group>";
		};
		095436E31F7934A500540179 /* DesignablePicker */ = {
			isa = PBXGroup;
			children = (
				095436E41F7934A500540179 /* DesignablePicker.swift */,
				095436E51F7934A500540179 /* DesignablePicker.xib */,
				095436FB1F79584100540179 /* FirstResponderControl.swift */,
				095436F71F79545600540179 /* pickerArrow.png */,
				095436F51F79545500540179 /* pickerArrow@2x.png */,
				095436F61F79545500540179 /* pickerArrow@3x.png */,
				095436F01F79444000540179 /* PickerInputViewController */,
			);
			path = DesignablePicker;
			sourceTree = "<group>";
		};
		095436E61F7934AE00540179 /* Helper */ = {
			isa = PBXGroup;
			children = (
				095436E71F7934AE00540179 /* Extensions */,
			);
			path = Helper;
			sourceTree = "<group>";
		};
		095436E71F7934AE00540179 /* Extensions */ = {
			isa = PBXGroup;
			children = (
				095436E81F7934AE00540179 /* StringExtension.swift */,
				095436E91F7934AE00540179 /* UIColorExtension.swift */,
				095436EA1F7934AE00540179 /* UIViewExtension.swift */,
			);
			path = Extensions;
			sourceTree = "<group>";
		};
		095436F01F79444000540179 /* PickerInputViewController */ = {
			isa = PBXGroup;
			children = (
				095436F11F7946AA00540179 /* PickerInputViewController.swift */,
				095436F21F7946AA00540179 /* PickerInputViewController.xib */,
			);
			path = PickerInputViewController;
			sourceTree = "<group>";
		};
/* End PBXGroup section */

/* Begin PBXNativeTarget section */
		095436BA1F78F57200540179 /* DesignablePickerDemo */ = {
			isa = PBXNativeTarget;
			buildConfigurationList = 095436CD1F78F57200540179 /* Build configuration list for PBXNativeTarget "DesignablePickerDemo" */;
			buildPhases = (
				095436B71F78F57200540179 /* Sources */,
				095436B81F78F57200540179 /* Frameworks */,
				095436B91F78F57200540179 /* Resources */,
			);
			buildRules = (
			);
			dependencies = (
			);
			name = DesignablePickerDemo;
			productName = DesignablePickerDemo;
			productReference = 095436BB1F78F57200540179 /* DesignablePickerDemo.app */;
			productType = "com.apple.product-type.application";
		};
/* End PBXNativeTarget section */

/* Begin PBXProject section */
		095436B31F78F57200540179 /* Project object */ = {
			isa = PBXProject;
			attributes = {
				LastSwiftUpdateCheck = 0900;
				LastUpgradeCheck = 0900;
				ORGANIZATIONNAME = "adviqo AG";
				TargetAttributes = {
					095436BA1F78F57200540179 = {
						CreatedOnToolsVersion = 9.0;
						ProvisioningStyle = Automatic;
					};
				};
			};
			buildConfigurationList = 095436B61F78F57200540179 /* Build configuration list for PBXProject "DesignablePickerDemo" */;
			compatibilityVersion = "Xcode 8.0";
			developmentRegion = en;
			hasScannedForEncodings = 0;
			knownRegions = (
				en,
				Base,
			);
			mainGroup = 095436B21F78F57200540179;
			productRefGroup = 095436BC1F78F57200540179 /* Products */;
			projectDirPath = "";
			projectRoot = "";
			targets = (
				095436BA1F78F57200540179 /* DesignablePickerDemo */,
			);
		};
/* End PBXProject section */

/* Begin PBXResourcesBuildPhase section */
		095436B91F78F57200540179 /* Resources */ = {
			isa = PBXResourcesBuildPhase;
			buildActionMask = 2147483647;
			files = (
				095436F91F79565500540179 /* pickerArrow@2x.png in Resources */,
				095436FA1F79565800540179 /* pickerArrow@3x.png in Resources */,
				095436C91F78F57200540179 /* LaunchScreen.storyboard in Resources */,
				095436F81F79565200540179 /* pickerArrow.png in Resources */,
				095436EC1F7934BC00540179 /* DesignablePicker.xib in Resources */,
				095436C61F78F57200540179 /* Assets.xcassets in Resources */,
				095436F41F7946AA00540179 /* PickerInputViewController.xib in Resources */,
				095436C41F78F57200540179 /* Main.storyboard in Resources */,
			);
			runOnlyForDeploymentPostprocessing = 0;
		};
/* End PBXResourcesBuildPhase section */

/* Begin PBXSourcesBuildPhase section */
		095436B71F78F57200540179 /* Sources */ = {
			isa = PBXSourcesBuildPhase;
			buildActionMask = 2147483647;
			files = (
				095436EF1F7934DB00540179 /* UIViewExtension.swift in Sources */,
				095436ED1F7934D400540179 /* StringExtension.swift in Sources */,
				095436EB1F7934B500540179 /* DesignablePicker.swift in Sources */,
				095436F31F7946AA00540179 /* PickerInputViewController.swift in Sources */,
				095436EE1F7934D800540179 /* UIColorExtension.swift in Sources */,
				095436C11F78F57200540179 /* ViewController.swift in Sources */,
				095436FC1F79584100540179 /* FirstResponderControl.swift in Sources */,
				095436BF1F78F57200540179 /* AppDelegate.swift in Sources */,
			);
			runOnlyForDeploymentPostprocessing = 0;
		};
/* End PBXSourcesBuildPhase section */

/* Begin PBXVariantGroup section */
		095436C21F78F57200540179 /* Main.storyboard */ = {
			isa = PBXVariantGroup;
			children = (
				095436C31F78F57200540179 /* Base */,
			);
			name = Main.storyboard;
			sourceTree = "<group>";
		};
		095436C71F78F57200540179 /* LaunchScreen.storyboard */ = {
			isa = PBXVariantGroup;
			children = (
				095436C81F78F57200540179 /* Base */,
			);
			name = LaunchScreen.storyboard;
			sourceTree = "<group>";
		};
/* End PBXVariantGroup section */

/* Begin XCBuildConfiguration section */
		095436CB1F78F57200540179 /* Debug */ = {
			isa = XCBuildConfiguration;
			buildSettings = {
				ALWAYS_SEARCH_USER_PATHS = NO;
				CLANG_ANALYZER_NONNULL = YES;
				CLANG_ANALYZER_NUMBER_OBJECT_CONVERSION = YES_AGGRESSIVE;
				CLANG_CXX_LANGUAGE_STANDARD = "gnu++14";
				CLANG_CXX_LIBRARY = "libc++";
				CLANG_ENABLE_MODULES = YES;
				CLANG_ENABLE_OBJC_ARC = YES;
				CLANG_WARN_BLOCK_CAPTURE_AUTORELEASING = YES;
				CLANG_WARN_BOOL_CONVERSION = YES;
				CLANG_WARN_COMMA = YES;
				CLANG_WARN_CONSTANT_CONVERSION = YES;
				CLANG_WARN_DIRECT_OBJC_ISA_USAGE = YES_ERROR;
				CLANG_WARN_DOCUMENTATION_COMMENTS = YES;
				CLANG_WARN_EMPTY_BODY = YES;
				CLANG_WARN_ENUM_CONVERSION = YES;
				CLANG_WARN_INFINITE_RECURSION = YES;
				CLANG_WARN_INT_CONVERSION = YES;
				CLANG_WARN_NON_LITERAL_NULL_CONVERSION = YES;
				CLANG_WARN_OBJC_LITERAL_CONVERSION = YES;
				CLANG_WARN_OBJC_ROOT_CLASS = YES_ERROR;
				CLANG_WARN_RANGE_LOOP_ANALYSIS = YES;
				CLANG_WARN_STRICT_PROTOTYPES = YES;
				CLANG_WARN_SUSPICIOUS_MOVE = YES;
				CLANG_WARN_UNGUARDED_AVAILABILITY = YES_AGGRESSIVE;
				CLANG_WARN_UNREACHABLE_CODE = YES;
				CLANG_WARN__DUPLICATE_METHOD_MATCH = YES;
				CODE_SIGN_IDENTITY = "iPhone Developer";
				COPY_PHASE_STRIP = NO;
				DEBUG_INFORMATION_FORMAT = dwarf;
				ENABLE_STRICT_OBJC_MSGSEND = YES;
				ENABLE_TESTABILITY = YES;
				GCC_C_LANGUAGE_STANDARD = gnu11;
				GCC_DYNAMIC_NO_PIC = NO;
				GCC_NO_COMMON_BLOCKS = YES;
				GCC_OPTIMIZATION_LEVEL = 0;
				GCC_PREPROCESSOR_DEFINITIONS = (
					"DEBUG=1",
					"$(inherited)",
				);
				GCC_WARN_64_TO_32_BIT_CONVERSION = YES;
				GCC_WARN_ABOUT_RETURN_TYPE = YES_ERROR;
				GCC_WARN_UNDECLARED_SELECTOR = YES;
				GCC_WARN_UNINITIALIZED_AUTOS = YES_AGGRESSIVE;
				GCC_WARN_UNUSED_FUNCTION = YES;
				GCC_WARN_UNUSED_VARIABLE = YES;
				IPHONEOS_DEPLOYMENT_TARGET = 11.0;
				MTL_ENABLE_DEBUG_INFO = YES;
				ONLY_ACTIVE_ARCH = YES;
				SDKROOT = iphoneos;
				SWIFT_ACTIVE_COMPILATION_CONDITIONS = DEBUG;
				SWIFT_OPTIMIZATION_LEVEL = "-Onone";
			};
			name = Debug;
		};
		095436CC1F78F57200540179 /* Release */ = {
			isa = XCBuildConfiguration;
			buildSettings = {
				ALWAYS_SEARCH_USER_PATHS = NO;
				CLANG_ANALYZER_NONNULL = YES;
				CLANG_ANALYZER_NUMBER_OBJECT_CONVERSION = YES_AGGRESSIVE;
				CLANG_CXX_LANGUAGE_STANDARD = "gnu++14";
				CLANG_CXX_LIBRARY = "libc++";
				CLANG_ENABLE_MODULES = YES;
				CLANG_ENABLE_OBJC_ARC = YES;
				CLANG_WARN_BLOCK_CAPTURE_AUTORELEASING = YES;
				CLANG_WARN_BOOL_CONVERSION = YES;
				CLANG_WARN_COMMA = YES;
				CLANG_WARN_CONSTANT_CONVERSION = YES;
				CLANG_WARN_DIRECT_OBJC_ISA_USAGE = YES_ERROR;
				CLANG_WARN_DOCUMENTATION_COMMENTS = YES;
				CLANG_WARN_EMPTY_BODY = YES;
				CLANG_WARN_ENUM_CONVERSION = YES;
				CLANG_WARN_INFINITE_RECURSION = YES;
				CLANG_WARN_INT_CONVERSION = YES;
				CLANG_WARN_NON_LITERAL_NULL_CONVERSION = YES;
				CLANG_WARN_OBJC_LITERAL_CONVERSION = YES;
				CLANG_WARN_OBJC_ROOT_CLASS = YES_ERROR;
				CLANG_WARN_RANGE_LOOP_ANALYSIS = YES;
				CLANG_WARN_STRICT_PROTOTYPES = YES;
				CLANG_WARN_SUSPICIOUS_MOVE = YES;
				CLANG_WARN_UNGUARDED_AVAILABILITY = YES_AGGRESSIVE;
				CLANG_WARN_UNREACHABLE_CODE = YES;
				CLANG_WARN__DUPLICATE_METHOD_MATCH = YES;
				CODE_SIGN_IDENTITY = "iPhone Developer";
				COPY_PHASE_STRIP = NO;
				DEBUG_INFORMATION_FORMAT = "dwarf-with-dsym";
				ENABLE_NS_ASSERTIONS = NO;
				ENABLE_STRICT_OBJC_MSGSEND = YES;
				GCC_C_LANGUAGE_STANDARD = gnu11;
				GCC_NO_COMMON_BLOCKS = YES;
				GCC_WARN_64_TO_32_BIT_CONVERSION = YES;
				GCC_WARN_ABOUT_RETURN_TYPE = YES_ERROR;
				GCC_WARN_UNDECLARED_SELECTOR = YES;
				GCC_WARN_UNINITIALIZED_AUTOS = YES_AGGRESSIVE;
				GCC_WARN_UNUSED_FUNCTION = YES;
				GCC_WARN_UNUSED_VARIABLE = YES;
				IPHONEOS_DEPLOYMENT_TARGET = 11.0;
				MTL_ENABLE_DEBUG_INFO = NO;
				SDKROOT = iphoneos;
				SWIFT_OPTIMIZATION_LEVEL = "-Owholemodule";
				VALIDATE_PRODUCT = YES;
			};
			name = Release;
		};
		095436CE1F78F57200540179 /* Debug */ = {
			isa = XCBuildConfiguration;
			buildSettings = {
				ASSETCATALOG_COMPILER_APPICON_NAME = AppIcon;
				CODE_SIGN_STYLE = Automatic;
				DEVELOPMENT_TEAM = Q8M6V9HM9E;
				INFOPLIST_FILE = DesignablePickerDemo/Info.plist;
				IPHONEOS_DEPLOYMENT_TARGET = 9.0;
				LD_RUNPATH_SEARCH_PATHS = "$(inherited) @executable_path/Frameworks";
				PRODUCT_BUNDLE_IDENTIFIER = com.pronin.DesignablePickerDemo;
				PRODUCT_NAME = "$(TARGET_NAME)";
				SWIFT_VERSION = 4.0;
				TARGETED_DEVICE_FAMILY = "1,2";
			};
			name = Debug;
		};
		095436CF1F78F57200540179 /* Release */ = {
			isa = XCBuildConfiguration;
			buildSettings = {
				ASSETCATALOG_COMPILER_APPICON_NAME = AppIcon;
				CODE_SIGN_STYLE = Automatic;
				DEVELOPMENT_TEAM = Q8M6V9HM9E;
				INFOPLIST_FILE = DesignablePickerDemo/Info.plist;
				IPHONEOS_DEPLOYMENT_TARGET = 9.0;
				LD_RUNPATH_SEARCH_PATHS = "$(inherited) @executable_path/Frameworks";
				PRODUCT_BUNDLE_IDENTIFIER = com.pronin.DesignablePickerDemo;
				PRODUCT_NAME = "$(TARGET_NAME)";
				SWIFT_VERSION = 4.0;
				TARGETED_DEVICE_FAMILY = "1,2";
			};
			name = Release;
		};
/* End XCBuildConfiguration section */

/* Begin XCConfigurationList section */
		095436B61F78F57200540179 /* Build configuration list for PBXProject "DesignablePickerDemo" */ = {
			isa = XCConfigurationList;
			buildConfigurations = (
				095436CB1F78F57200540179 /* Debug */,
				095436CC1F78F57200540179 /* Release */,
			);
			defaultConfigurationIsVisible = 0;
			defaultConfigurationName = Release;
		};
		095436CD1F78F57200540179 /* Build configuration list for PBXNativeTarget "DesignablePickerDemo" */ = {
			isa = XCConfigurationList;
			buildConfigurations = (
				095436CE1F78F57200540179 /* Debug */,
				095436CF1F78F57200540179 /* Release */,
			);
			defaultConfigurationIsVisible = 0;
			defaultConfigurationName = Release;
		};
/* End XCConfigurationList section */
	};
	rootObject = 095436B31F78F57200540179 /* Project object */;
}
